
Microsoft Visual Studio Solution File, Format Version 12.00
# Visual Studio 15
VisualStudioVersion = 15.0.26228.4
MinimumVisualStudioVersion = 10.0.40219.1
Project("{2150E333-8FDC-42A3-9474-1A3956D46DE8}") = "src", "src", "{00703F8D-4A5A-4CD3-9C9D-8689AF2B50AF}"
EndProject
Project("{2150E333-8FDC-42A3-9474-1A3956D46DE8}") = "test", "test", "{44EFBB19-D55E-4070-A3D3-2F19D3C3B7D9}"
EndProject
Project("{2150E333-8FDC-42A3-9474-1A3956D46DE8}") = "Solution Items", "Solution Items", "{E5D2E348-291F-4B15-AAEA-2939CC794622}"
ProjectSection(SolutionItems) = preProject
	global.json = global.json
EndProjectSection
EndProject
Project("{9A19103F-16F7-4668-BE54-9A1E7A4F7556}") = "SignatureDataConversion.Tests", "test\SignatureDataConversion.Tests\SignatureDataConversion.Tests.csproj", "{9FEF14C0-D0F8-4EB5-B588-4A73EFF16588}"
EndProject
Project("{9A19103F-16F7-4668-BE54-9A1E7A4F7556}") = "SignatureDataConversion", "src\SignatureDataConversion\SignatureDataConversion.csproj", "{3417412E-A147-4A1A-BF13-445816A46D42}"
EndProject
Global
	GlobalSection(SolutionConfigurationPlatforms) = preSolution
		Debug|Any CPU = Debug|Any CPU
		Release|Any CPU = Release|Any CPU
	EndGlobalSection
	GlobalSection(ProjectConfigurationPlatforms) = postSolution
		{9FEF14C0-D0F8-4EB5-B588-4A73EFF16588}.Debug|Any CPU.ActiveCfg = Debug|Any CPU
		{9FEF14C0-D0F8-4EB5-B588-4A73EFF16588}.Debug|Any CPU.Build.0 = Debug|Any CPU
		{9FEF14C0-D0F8-4EB5-B588-4A73EFF16588}.Release|Any CPU.ActiveCfg = Release|Any CPU
		{9FEF14C0-D0F8-4EB5-B588-4A73EFF16588}.Release|Any CPU.Build.0 = Release|Any CPU
		{3417412E-A147-4A1A-BF13-445816A46D42}.Debug|Any CPU.ActiveCfg = Debug|Any CPU
		{3417412E-A147-4A1A-BF13-445816A46D42}.Debug|Any CPU.Build.0 = Debug|Any CPU
		{3417412E-A147-4A1A-BF13-445816A46D42}.Release|Any CPU.ActiveCfg = Release|Any CPU
		{3417412E-A147-4A1A-BF13-445816A46D42}.Release|Any CPU.Build.0 = Release|Any CPU
	EndGlobalSection
	GlobalSection(SolutionProperties) = preSolution
		HideSolutionNode = FALSE
	EndGlobalSection
	GlobalSection(NestedProjects) = preSolution
		{9FEF14C0-D0F8-4EB5-B588-4A73EFF16588} = {44EFBB19-D55E-4070-A3D3-2F19D3C3B7D9}
		{3417412E-A147-4A1A-BF13-445816A46D42} = {00703F8D-4A5A-4CD3-9C9D-8689AF2B50AF}
	EndGlobalSection
EndGlobal
